
Microsoft Visual Studio Solution File, Format Version 12.00
# Visual Studio Version 16
VisualStudioVersion = 16.0.31410.357
MinimumVisualStudioVersion = 10.0.40219.1
Project("{9A19103F-16F7-4668-BE54-9A1E7A4F7556}") = "TrackerLibrary", "TrackerLibrary\TrackerLibrary.csproj", "{810AEB9D-5264-4658-9F6B-A4910962F91C}"
EndProject
Project("{FAE04EC0-301F-11D3-BF4B-00C04F79EFBC}") = "TrackerUI", "TrackerUI\TrackerUI.csproj", "{B7AC59EA-2715-45E0-9587-5029D8C01187}"
EndProject
Global
	GlobalSection(SolutionConfigurationPlatforms) = preSolution
		Debug|Any CPU = Debug|Any CPU
		Release|Any CPU = Release|Any CPU
	EndGlobalSection
	GlobalSection(ProjectConfigurationPlatforms) = postSolution
		{810AEB9D-5264-4658-9F6B-A4910962F91C}.Debug|Any CPU.ActiveCfg = Debug|Any CPU
		{810AEB9D-5264-4658-9F6B-A4910962F91C}.Debug|Any CPU.Build.0 = Debug|Any CPU
		{810AEB9D-5264-4658-9F6B-A4910962F91C}.Release|Any CPU.ActiveCfg = Release|Any CPU
		{810AEB9D-5264-4658-9F6B-A4910962F91C}.Release|Any CPU.Build.0 = Release|Any CPU
		{B7AC59EA-2715-45E0-9587-5029D8C01187}.Debug|Any CPU.ActiveCfg = Debug|Any CPU
		{B7AC59EA-2715-45E0-9587-5029D8C01187}.Debug|Any CPU.Build.0 = Debug|Any CPU
		{B7AC59EA-2715-45E0-9587-5029D8C01187}.Release|Any CPU.ActiveCfg = Release|Any CPU
		{B7AC59EA-2715-45E0-9587-5029D8C01187}.Release|Any CPU.Build.0 = Release|Any CPU
	EndGlobalSection
	GlobalSection(SolutionProperties) = preSolution
		HideSolutionNode = FALSE
	EndGlobalSection
	GlobalSection(ExtensibilityGlobals) = postSolution
		SolutionGuid = {46EBA962-B14B-45BB-8E9B-4D44C58CEF85}
	EndGlobalSection
EndGlobal
